
Microsoft Visual Studio Solution File, Format Version 12.00
# Visual Studio 14
VisualStudioVersion = 14.0.25420.1
MinimumVisualStudioVersion = 10.0.40219.1
Project("{F184B08F-C81C-45F6-A57F-5ABD9991F28F}") = "GUI_Layer", "GUI_Layer\GUI_Layer.vbproj", "{67950BEB-99CB-4CE7-B954-0CA7407048DB}"
EndProject
Project("{F184B08F-C81C-45F6-A57F-5ABD9991F28F}") = "BLL", "BLL\BLL.vbproj", "{E3D05748-F84A-4E65-A81E-32851B9B238B}"
EndProject
Project("{F184B08F-C81C-45F6-A57F-5ABD9991F28F}") = "DAL", "DAL\DAL.vbproj", "{DB7FABB3-F8C9-4FEC-81CE-84C33EF0906F}"
EndProject
Project("{F184B08F-C81C-45F6-A57F-5ABD9991F28F}") = "DTO", "DTO\DTO.vbproj", "{F8DA9F53-A04C-453D-B9AD-1A32E2156DE2}"
EndProject
Project("{6141683F-8A12-4E36-9623-2EB02B2C2303}") = "Setup", "Setup\Setup.isproj", "{7ED04ABC-C9D6-4690-900D-44E9F3E5C6F1}"
EndProject
Global
	GlobalSection(SolutionConfigurationPlatforms) = preSolution
		CD_ROM|Any CPU = CD_ROM|Any CPU
		Debug|Any CPU = Debug|Any CPU
		DVD-5|Any CPU = DVD-5|Any CPU
		Release|Any CPU = Release|Any CPU
		SingleImage|Any CPU = SingleImage|Any CPU
	EndGlobalSection
	GlobalSection(ProjectConfigurationPlatforms) = postSolution
		{67950BEB-99CB-4CE7-B954-0CA7407048DB}.CD_ROM|Any CPU.ActiveCfg = Release|Any CPU
		{67950BEB-99CB-4CE7-B954-0CA7407048DB}.Debug|Any CPU.ActiveCfg = Debug|Any CPU
		{67950BEB-99CB-4CE7-B954-0CA7407048DB}.Debug|Any CPU.Build.0 = Debug|Any CPU
		{67950BEB-99CB-4CE7-B954-0CA7407048DB}.DVD-5|Any CPU.ActiveCfg = Debug|Any CPU
		{67950BEB-99CB-4CE7-B954-0CA7407048DB}.Release|Any CPU.ActiveCfg = Release|Any CPU
		{67950BEB-99CB-4CE7-B954-0CA7407048DB}.Release|Any CPU.Build.0 = Release|Any CPU
		{67950BEB-99CB-4CE7-B954-0CA7407048DB}.SingleImage|Any CPU.ActiveCfg = Release|Any CPU
		{E3D05748-F84A-4E65-A81E-32851B9B238B}.CD_ROM|Any CPU.ActiveCfg = Release|Any CPU
		{E3D05748-F84A-4E65-A81E-32851B9B238B}.Debug|Any CPU.ActiveCfg = Debug|Any CPU
		{E3D05748-F84A-4E65-A81E-32851B9B238B}.Debug|Any CPU.Build.0 = Debug|Any CPU
		{E3D05748-F84A-4E65-A81E-32851B9B238B}.DVD-5|Any CPU.ActiveCfg = Debug|Any CPU
		{E3D05748-F84A-4E65-A81E-32851B9B238B}.Release|Any CPU.ActiveCfg = Release|Any CPU
		{E3D05748-F84A-4E65-A81E-32851B9B238B}.Release|Any CPU.Build.0 = Release|Any CPU
		{E3D05748-F84A-4E65-A81E-32851B9B238B}.SingleImage|Any CPU.ActiveCfg = Release|Any CPU
		{DB7FABB3-F8C9-4FEC-81CE-84C33EF0906F}.CD_ROM|Any CPU.ActiveCfg = Release|Any CPU
		{DB7FABB3-F8C9-4FEC-81CE-84C33EF0906F}.CD_ROM|Any CPU.Build.0 = Release|Any CPU
		{DB7FABB3-F8C9-4FEC-81CE-84C33EF0906F}.Debug|Any CPU.ActiveCfg = Debug|Any CPU
		{DB7FABB3-F8C9-4FEC-81CE-84C33EF0906F}.Debug|Any CPU.Build.0 = Debug|Any CPU
		{DB7FABB3-F8C9-4FEC-81CE-84C33EF0906F}.DVD-5|Any CPU.ActiveCfg = Debug|Any CPU
		{DB7FABB3-F8C9-4FEC-81CE-84C33EF0906F}.DVD-5|Any CPU.Build.0 = Debug|Any CPU
		{DB7FABB3-F8C9-4FEC-81CE-84C33EF0906F}.Release|Any CPU.ActiveCfg = Release|Any CPU
		{DB7FABB3-F8C9-4FEC-81CE-84C33EF0906F}.Release|Any CPU.Build.0 = Release|Any CPU
		{DB7FABB3-F8C9-4FEC-81CE-84C33EF0906F}.SingleImage|Any CPU.ActiveCfg = Release|Any CPU
		{DB7FABB3-F8C9-4FEC-81CE-84C33EF0906F}.SingleImage|Any CPU.Build.0 = Release|Any CPU
		{F8DA9F53-A04C-453D-B9AD-1A32E2156DE2}.CD_ROM|Any CPU.ActiveCfg = Release|Any CPU
		{F8DA9F53-A04C-453D-B9AD-1A32E2156DE2}.CD_ROM|Any CPU.Build.0 = Release|Any CPU
		{F8DA9F53-A04C-453D-B9AD-1A32E2156DE2}.Debug|Any CPU.ActiveCfg = Debug|Any CPU
		{F8DA9F53-A04C-453D-B9AD-1A32E2156DE2}.Debug|Any CPU.Build.0 = Debug|Any CPU
		{F8DA9F53-A04C-453D-B9AD-1A32E2156DE2}.DVD-5|Any CPU.ActiveCfg = Debug|Any CPU
		{F8DA9F53-A04C-453D-B9AD-1A32E2156DE2}.DVD-5|Any CPU.Build.0 = Debug|Any CPU
		{F8DA9F53-A04C-453D-B9AD-1A32E2156DE2}.Release|Any CPU.ActiveCfg = Release|Any CPU
		{F8DA9F53-A04C-453D-B9AD-1A32E2156DE2}.Release|Any CPU.Build.0 = Release|Any CPU
		{F8DA9F53-A04C-453D-B9AD-1A32E2156DE2}.SingleImage|Any CPU.ActiveCfg = Release|Any CPU
		{F8DA9F53-A04C-453D-B9AD-1A32E2156DE2}.SingleImage|Any CPU.Build.0 = Release|Any CPU
		{7ED04ABC-C9D6-4690-900D-44E9F3E5C6F1}.CD_ROM|Any CPU.ActiveCfg = CD_ROM
		{7ED04ABC-C9D6-4690-900D-44E9F3E5C6F1}.CD_ROM|Any CPU.Build.0 = CD_ROM
		{7ED04ABC-C9D6-4690-900D-44E9F3E5C6F1}.Debug|Any CPU.ActiveCfg = DVD-5
		{7ED04ABC-C9D6-4690-900D-44E9F3E5C6F1}.Debug|Any CPU.Build.0 = DVD-5
		{7ED04ABC-C9D6-4690-900D-44E9F3E5C6F1}.DVD-5|Any CPU.ActiveCfg = DVD-5
		{7ED04ABC-C9D6-4690-900D-44E9F3E5C6F1}.DVD-5|Any CPU.Build.0 = DVD-5
		{7ED04ABC-C9D6-4690-900D-44E9F3E5C6F1}.Release|Any CPU.ActiveCfg = SingleImage
		{7ED04ABC-C9D6-4690-900D-44E9F3E5C6F1}.Release|Any CPU.Build.0 = SingleImage
		{7ED04ABC-C9D6-4690-900D-44E9F3E5C6F1}.SingleImage|Any CPU.ActiveCfg = SingleImage
		{7ED04ABC-C9D6-4690-900D-44E9F3E5C6F1}.SingleImage|Any CPU.Build.0 = SingleImage
	EndGlobalSection
	GlobalSection(SolutionProperties) = preSolution
		HideSolutionNode = FALSE
	EndGlobalSection
EndGlobal
